{
    "_meta": {
        "hash": {
            "sha256": "ab6d9b72c7c61e88871b4cdd7d52ddb411013432f602adfac9f11852708e142b"
        },
        "pipfile-spec": 6,
        "requires": {
            "python_full_version": "3.8.13"
        },
        "sources": [
            {
                "name": "pypi",
                "url": "https://pypi.org/simple",
                "verify_ssl": true
            }
        ]
    },
    "default": {
        "alembic": {
            "hashes": [
                "sha256:03226222f1cf943deee6c85d9464261a6c710cd19b4fe867a3ad1f25afda610f",
                "sha256:8e7645c32e4f200675e69f0745415335eb59a3663f5feb487abfa0b30c45888b"
            ],
            "markers": "python_version >= '3.7'",
            "version": "==1.12.0"
        },
        "aniso8601": {
            "hashes": [
                "sha256:1d2b7ef82963909e93c4f24ce48d4de9e66009a21bf1c1e1c85bdd0812fe412f",
                "sha256:72e3117667eedf66951bb2d93f4296a56b94b078a8a95905a052611fb3f1b973"
            ],
            "version": "==9.0.1"
        },
        "appnope": {
            "hashes": [
                "sha256:02bd91c4de869fbb1e1c50aafc4098827a7a54ab2f39d9dcba6c9547ed920e24",
                "sha256:265a455292d0bd8a72453494fa24df5a11eb18373a60c7c0430889f22548605e"
            ],
            "markers": "sys_platform == 'darwin'",
            "version": "==0.1.3"
        },
        "asttokens": {
            "hashes": [
                "sha256:2e0171b991b2c959acc6c49318049236844a5da1d65ba2672c4880c1c894834e",
                "sha256:cf8fc9e61a86461aa9fb161a14a0841a03c405fa829ac6b202670b3495d2ce69"
            ],
            "version": "==2.4.0"
        },
        "backcall": {
            "hashes": [
                "sha256:5cbdbf27be5e7cfadb448baf0aa95508f91f2bbc6c6437cd9cd06e2a4c215e1e",
                "sha256:fbbce6a29f263178a1f7915c1940bde0ec2b2a967566fe1c65c1dfb7422bd255"
            ],
            "version": "==0.2.0"
        },
        "bcrypt": {
            "hashes": [
                "sha256:089098effa1bc35dc055366740a067a2fc76987e8ec75349eb9484061c54f535",
                "sha256:08d2947c490093a11416df18043c27abe3921558d2c03e2076ccb28a116cb6d0",
                "sha256:0eaa47d4661c326bfc9d08d16debbc4edf78778e6aaba29c1bc7ce67214d4410",
                "sha256:27d375903ac8261cfe4047f6709d16f7d18d39b1ec92aaf72af989552a650ebd",
                "sha256:2b3ac11cf45161628f1f3733263e63194f22664bf4d0c0f3ab34099c02134665",
                "sha256:2caffdae059e06ac23fce178d31b4a702f2a3264c20bfb5ff541b338194d8fab",
                "sha256:3100851841186c25f127731b9fa11909ab7b1df6fc4b9f8353f4f1fd952fbf71",
                "sha256:5ad4d32a28b80c5fa6671ccfb43676e8c1cc232887759d1cd7b6f56ea4355215",
                "sha256:67a97e1c405b24f19d08890e7ae0c4f7ce1e56a712a016746c8b2d7732d65d4b",
                "sha256:705b2cea8a9ed3d55b4491887ceadb0106acf7c6387699fca771af56b1cdeeda",
                "sha256:8a68f4341daf7522fe8d73874de8906f3a339048ba406be6ddc1b3ccb16fc0d9",
                "sha256:a522427293d77e1c29e303fc282e2d71864579527a04ddcfda6d4f8396c6c36a",
                "sha256:ae88eca3024bb34bb3430f964beab71226e761f51b912de5133470b649d82344",
                "sha256:b1023030aec778185a6c16cf70f359cbb6e0c289fd564a7cfa29e727a1c38f8f",
                "sha256:b3b85202d95dd568efcb35b53936c5e3b3600c7cdcc6115ba461df3a8e89f38d",
                "sha256:b57adba8a1444faf784394de3436233728a1ecaeb6e07e8c22c8848f179b893c",
                "sha256:bf4fa8b2ca74381bb5442c089350f09a3f17797829d958fad058d6e44d9eb83c",
                "sha256:ca3204d00d3cb2dfed07f2d74a25f12fc12f73e606fcaa6975d1f7ae69cacbb2",
                "sha256:cbb03eec97496166b704ed663a53680ab57c5084b2fc98ef23291987b525cb7d",
                "sha256:e9a51bbfe7e9802b5f3508687758b564069ba937748ad7b9e890086290d2f79e",
                "sha256:fbdaec13c5105f0c4e5c52614d04f0bca5f5af007910daa8b6b12095edaa67b3"
            ],
            "index": "pypi",
            "version": "==4.0.1"
        },
        "blinker": {
            "hashes": [
                "sha256:4afd3de66ef3a9f8067559fb7a1cbe555c17dcbe15971b05d1b625c3e7abe213",
                "sha256:c3d739772abb7bc2860abf5f2ec284223d9ad5c76da018234f6f50d6f31ab1f0"
            ],
            "markers": "python_version >= '3.7'",
            "version": "==1.6.2"
        },
        "click": {
            "hashes": [
                "sha256:ae74fb96c20a0277a1d615f1e4d73c8414f5a98db8b799a7931d1582f3390c28",
                "sha256:ca9853ad459e787e2192211578cc907e7594e294c7ccc834310722b41b9ca6de"
            ],
            "markers": "python_version >= '3.7'",
            "version": "==8.1.7"
        },
        "decorator": {
            "hashes": [
                "sha256:637996211036b6385ef91435e4fae22989472f9d571faba8927ba8253acbc330",
                "sha256:b8c3f85900b9dc423225913c5aace94729fe1fa9763b38939a95226f02d37186"
            ],
            "markers": "python_version < '3.11' and python_version >= '3.7'",
            "version": "==5.1.1"
        },
        "executing": {
            "hashes": [
                "sha256:06df6183df67389625f4e763921c6cf978944721abf3e714000200aab95b0657",
                "sha256:0ff053696fdeef426cda5bd18eacd94f82c91f49823a2e9090124212ceea9b08"
            ],
            "version": "==2.0.0"
        },
        "faker": {
            "hashes": [
                "sha256:8fba91068dc26e3159c1ac9f22444a2338704b0991d86605322e454bda420092",
                "sha256:d5d5953556b0fb428a46019e03fc2d40eab2980135ddef5a9eb3d054947fdf83"
            ],
            "index": "pypi",
            "version": "==19.6.2"
        },
        "flask": {
            "hashes": [
                "sha256:21128f47e4e3b9d597a3e8521a329bf56909b690fcc3fa3e477725aa81367638",
                "sha256:cfadcdb638b609361d29ec22360d6070a77d7463dcb3ab08d2c2f2f168845f58"
            ],
            "index": "pypi",
            "version": "==3.0.0"
        },
        "flask-cors": {
            "hashes": [
                "sha256:bc3492bfd6368d27cfe79c7821df5a8a319e1a6d5eab277a3794be19bdc51783",
                "sha256:f268522fcb2f73e2ecdde1ef45e2fd5c71cc48fe03cffb4b441c6d1b40684eb0"
            ],
            "index": "pypi",
            "version": "==4.0.0"
        },
        "flask-migrate": {
            "hashes": [
                "sha256:613a2df703998e78716cace68cd83972960834424457f5b67f56e74fff950aef",
                "sha256:d3f437a8b5f3849d1bb1b60e1b818efc564c66e3fefe90b62e5db08db295e1b1"
            ],
            "index": "pypi",
            "version": "==4.0.5"
        },
        "flask-restful": {
            "hashes": [
                "sha256:1cf93c535172f112e080b0d4503a8d15f93a48c88bdd36dd87269bdaf405051b",
                "sha256:fe4af2ef0027df8f9b4f797aba20c5566801b6ade995ac63b588abf1a59cec37"
            ],
            "index": "pypi",
            "version": "==0.3.10"
        },
        "flask-sqlalchemy": {
            "hashes": [
                "sha256:4ba4be7f419dc72f4efd8802d69974803c37259dd42f3913b0dcf75c9447e0a0",
                "sha256:e4b68bb881802dda1a7d878b2fc84c06d1ee57fb40b874d3dc97dabfa36b8312"
            ],
            "index": "pypi",
            "version": "==3.1.1"
        },
        "gunicorn": {
            "hashes": [
                "sha256:3213aa5e8c24949e792bcacfc176fef362e7aac80b76c56f6b5122bf350722f0",
                "sha256:88ec8bff1d634f98e61b9f65bc4bf3cd918a90806c6f5c48bc5603849ec81033"
            ],
            "index": "pypi",
            "version": "==21.2.0"
        },
        "honcho": {
            "hashes": [
                "sha256:a4d6e3a88a7b51b66351ecfc6e9d79d8f4b87351db9ad7e923f5632cc498122f",
                "sha256:c5eca0bded4bef6697a23aec0422fd4f6508ea3581979a3485fc4b89357eb2a9"
            ],
            "index": "pypi",
            "version": "==1.1.0"
        },
        "importlib-metadata": {
            "hashes": [
                "sha256:3ebb78df84a805d7698245025b975d9d67053cd94c79245ba4b3eb694abe68bb",
                "sha256:dbace7892d8c0c4ac1ad096662232f831d4e64f4c4545bd53016a3e9d4654743"
            ],
            "markers": "python_version < '3.10'",
            "version": "==6.8.0"
        },
        "importlib-resources": {
            "hashes": [
                "sha256:9d48dcccc213325e810fd723e7fbb45ccb39f6cf5c31f00cf2b965f5f10f3cb9",
                "sha256:aa50258bbfa56d4e33fbd8aa3ef48ded10d1735f11532b8df95388cc6bdb7e83"
            ],
            "markers": "python_version < '3.9'",
            "version": "==6.1.0"
        },
        "ipdb": {
            "hashes": [
                "sha256:45529994741c4ab6d2388bfa5d7b725c2cf7fe9deffabdb8a6113aa5ed449ed4",
                "sha256:e3ac6018ef05126d442af680aad863006ec19d02290561ac88b8b1c0b0cfc726"
            ],
            "index": "pypi",
            "version": "==0.13.13"
        },
        "ipython": {
            "hashes": [
                "sha256:3910c4b54543c2ad73d06579aa771041b7d5707b033bd488669b4cf544e3b363",
                "sha256:b0340d46a933d27c657b211a329d0be23793c36595acf9e6ef4164bc01a1804c"
            ],
            "markers": "python_version < '3.11' and python_version >= '3.7'",
            "version": "==8.12.3"
        },
        "itsdangerous": {
            "hashes": [
                "sha256:2c2349112351b88699d8d4b6b075022c0808887cb7ad10069318a8b0bc88db44",
                "sha256:5dbbc68b317e5e42f327f9021763545dc3fc3bfe22e6deb96aaf1fc38874156a"
            ],
            "markers": "python_version >= '3.7'",
            "version": "==2.1.2"
        },
        "jedi": {
            "hashes": [
                "sha256:cf0496f3651bc65d7174ac1b7d043eff454892c708a87d1b683e57b569927ffd",
                "sha256:e983c654fe5c02867aef4cdfce5a2fbb4a50adc0af145f70504238f18ef5e7e0"
            ],
            "markers": "python_version >= '3.6'",
            "version": "==0.19.1"
        },
        "jinja2": {
            "hashes": [
                "sha256:31351a702a408a9e7595a8fc6150fc3f43bb6bf7e319770cbc0db9df9437e852",
                "sha256:6088930bfe239f0e6710546ab9c19c9ef35e29792895fed6e6e31a023a182a61"
            ],
            "markers": "python_version >= '3.7'",
            "version": "==3.1.2"
        },
        "mako": {
            "hashes": [
                "sha256:c97c79c018b9165ac9922ae4f32da095ffd3c4e6872b45eded42926deea46818",
                "sha256:d60a3903dc3bb01a18ad6a89cdbe2e4eadc69c0bc8ef1e3773ba53d44c3f7a34"
            ],
            "markers": "python_version >= '3.7'",
            "version": "==1.2.4"
        },
        "markupsafe": {
            "hashes": [
                "sha256:05fb21170423db021895e1ea1e1f3ab3adb85d1c2333cbc2310f2a26bc77272e",
                "sha256:0a4e4a1aff6c7ac4cd55792abf96c915634c2b97e3cc1c7129578aa68ebd754e",
                "sha256:10bbfe99883db80bdbaff2dcf681dfc6533a614f700da1287707e8a5d78a8431",
                "sha256:134da1eca9ec0ae528110ccc9e48041e0828d79f24121a1a146161103c76e686",
                "sha256:14ff806850827afd6b07a5f32bd917fb7f45b046ba40c57abdb636674a8b559c",
                "sha256:1577735524cdad32f9f694208aa75e422adba74f1baee7551620e43a3141f559",
                "sha256:1b40069d487e7edb2676d3fbdb2b0829ffa2cd63a2ec26c4938b2d34391b4ecc",
                "sha256:1b8dd8c3fd14349433c79fa8abeb573a55fc0fdd769133baac1f5e07abf54aeb",
                "sha256:1f67c7038d560d92149c060157d623c542173016c4babc0c1913cca0564b9939",
                "sha256:282c2cb35b5b673bbcadb33a585408104df04f14b2d9b01d4c345a3b92861c2c",
                "sha256:2c1b19b3aaacc6e57b7e25710ff571c24d6c3613a45e905b1fde04d691b98ee0",
                "sha256:2ef12179d3a291be237280175b542c07a36e7f60718296278d8593d21ca937d4",
                "sha256:338ae27d6b8745585f87218a3f23f1512dbf52c26c28e322dbe54bcede54ccb9",
                "sha256:3c0fae6c3be832a0a0473ac912810b2877c8cb9d76ca48de1ed31e1c68386575",
                "sha256:3fd4abcb888d15a94f32b75d8fd18ee162ca0c064f35b11134be77050296d6ba",
                "sha256:42de32b22b6b804f42c5d98be4f7e5e977ecdd9ee9b660fda1a3edf03b11792d",
                "sha256:47d4f1c5f80fc62fdd7777d0d40a2e9dda0a05883ab11374334f6c4de38adffd",
                "sha256:504b320cd4b7eff6f968eddf81127112db685e81f7e36e75f9f84f0df46041c3",
                "sha256:525808b8019e36eb524b8c68acdd63a37e75714eac50e988180b169d64480a00",
                "sha256:56d9f2ecac662ca1611d183feb03a3fa4406469dafe241673d521dd5ae92a155",
                "sha256:5bbe06f8eeafd38e5d0a4894ffec89378b6c6a625ff57e3028921f8ff59318ac",
                "sha256:65c1a9bcdadc6c28eecee2c119465aebff8f7a584dd719facdd9e825ec61ab52",
                "sha256:68e78619a61ecf91e76aa3e6e8e33fc4894a2bebe93410754bd28fce0a8a4f9f",
                "sha256:69c0f17e9f5a7afdf2cc9fb2d1ce6aabdb3bafb7f38017c0b77862bcec2bbad8",
                "sha256:6b2b56950d93e41f33b4223ead100ea0fe11f8e6ee5f641eb753ce4b77a7042b",
                "sha256:715d3562f79d540f251b99ebd6d8baa547118974341db04f5ad06d5ea3eb8007",
                "sha256:787003c0ddb00500e49a10f2844fac87aa6ce977b90b0feaaf9de23c22508b24",
                "sha256:7ef3cb2ebbf91e330e3bb937efada0edd9003683db6b57bb108c4001f37a02ea",
                "sha256:8023faf4e01efadfa183e863fefde0046de576c6f14659e8782065bcece22198",
                "sha256:8758846a7e80910096950b67071243da3e5a20ed2546e6392603c096778d48e0",
                "sha256:8afafd99945ead6e075b973fefa56379c5b5c53fd8937dad92c662da5d8fd5ee",
                "sha256:8c41976a29d078bb235fea9b2ecd3da465df42a562910f9022f1a03107bd02be",
                "sha256:8e254ae696c88d98da6555f5ace2279cf7cd5b3f52be2b5cf97feafe883b58d2",
                "sha256:8f9293864fe09b8149f0cc42ce56e3f0e54de883a9de90cd427f191c346eb2e1",
                "sha256:9402b03f1a1b4dc4c19845e5c749e3ab82d5078d16a2a4c2cd2df62d57bb0707",
                "sha256:962f82a3086483f5e5f64dbad880d31038b698494799b097bc59c2edf392fce6",
                "sha256:9aad3c1755095ce347e26488214ef77e0485a3c34a50c5a5e2471dff60b9dd9c",
                "sha256:9dcdfd0eaf283af041973bff14a2e143b8bd64e069f4c383416ecd79a81aab58",
                "sha256:aa57bd9cf8ae831a362185ee444e15a93ecb2e344c8e52e4d721ea3ab6ef1823",
                "sha256:aa7bd130efab1c280bed0f45501b7c8795f9fdbeb02e965371bbef3523627779",
                "sha256:ab4a0df41e7c16a1392727727e7998a467472d0ad65f3ad5e6e765015df08636",
                "sha256:ad9e82fb8f09ade1c3e1b996a6337afac2b8b9e365f926f5a61aacc71adc5b3c",
                "sha256:af598ed32d6ae86f1b747b82783958b1a4ab8f617b06fe68795c7f026abbdcad",
                "sha256:b076b6226fb84157e3f7c971a47ff3a679d837cf338547532ab866c57930dbee",
                "sha256:b7ff0f54cb4ff66dd38bebd335a38e2c22c41a8ee45aa608efc890ac3e3931bc",
                "sha256:bfce63a9e7834b12b87c64d6b155fdd9b3b96191b6bd334bf37db7ff1fe457f2",
                "sha256:c011a4149cfbcf9f03994ec2edffcb8b1dc2d2aede7ca243746df97a5d41ce48",
                "sha256:c9c804664ebe8f83a211cace637506669e7890fec1b4195b505c214e50dd4eb7",
                "sha256:ca379055a47383d02a5400cb0d110cef0a776fc644cda797db0c5696cfd7e18e",
                "sha256:cb0932dc158471523c9637e807d9bfb93e06a95cbf010f1a38b98623b929ef2b",
                "sha256:cd0f502fe016460680cd20aaa5a76d241d6f35a1c3350c474bac1273803893fa",
                "sha256:ceb01949af7121f9fc39f7d27f91be8546f3fb112c608bc4029aef0bab86a2a5",
                "sha256:d080e0a5eb2529460b30190fcfcc4199bd7f827663f858a226a81bc27beaa97e",
                "sha256:dd15ff04ffd7e05ffcb7fe79f1b98041b8ea30ae9234aed2a9168b5797c3effb",
                "sha256:df0be2b576a7abbf737b1575f048c23fb1d769f267ec4358296f31c2479db8f9",
                "sha256:e09031c87a1e51556fdcb46e5bd4f59dfb743061cf93c4d6831bf894f125eb57",
                "sha256:e4dd52d80b8c83fdce44e12478ad2e85c64ea965e75d66dbeafb0a3e77308fcc",
                "sha256:f698de3fd0c4e6972b92290a45bd9b1536bffe8c6759c62471efaa8acb4c37bc",
                "sha256:fec21693218efe39aa7f8599346e90c705afa52c5b31ae019b2e57e8f6542bb2",
                "sha256:ffcc3f7c66b5f5b7931a5aa68fc9cecc51e685ef90282f4a82f0f5e9b704ad11"
            ],
            "markers": "python_version >= '3.7'",
            "version": "==2.1.3"
        },
        "matplotlib-inline": {
            "hashes": [
                "sha256:f1f41aab5328aa5aaea9b16d083b128102f8712542f819fe7e6a420ff581b311",
                "sha256:f887e5f10ba98e8d2b150ddcf4702c1e5f8b3a20005eb0f74bfdbd360ee6f304"
            ],
            "markers": "python_version >= '3.5'",
            "version": "==0.1.6"
        },
        "node": {
            "hashes": [
                "sha256:03c8a0f6845c4a164508fcdd02cada8dde393eec42220b27a69d76677f73c46d",
                "sha256:a25ffafc7bd9f3a4ebe09a41690c1ff42bcf6a23e8a4ad2654be455bf122ebfa"
            ],
            "index": "pypi",
            "version": "==1.2.1"
        },
        "npm": {
            "hashes": [
                "sha256:84aefc83a3486d034c4c14f8bcd4b746b95b529289b0d042c268f6201c3034e9"
            ],
            "index": "pypi",
            "version": "==0.1.1"
        },
        "odict": {
            "hashes": [
                "sha256:6e7ff07552d3c6cddffac565fdc7fd1fef0220b6c68f518128cab40f82114d97",
                "sha256:fc4a05c46fd3d574bf9cf89a3e23aa3f1584a246419a1f7365fc36f9f36c2b44"
            ],
            "version": "==1.9.0"
        },
        "optional-django": {
            "hashes": [
                "sha256:77d6b9fb74bda30583e1af4683a39e0af725cea6003252bba75838f4939326c5"
            ],
            "version": "==0.1.0"
        },
        "packaging": {
            "hashes": [
                "sha256:048fb0e9405036518eaaf48a55953c750c11e1a1b68e0dd1a9d62ed0c092cfc5",
                "sha256:8c491190033a9af7e1d931d0b5dacc2ef47509b34dd0de67ed209b5203fc88c7"
            ],
            "markers": "python_version >= '3.7'",
            "version": "==23.2"
        },
        "parso": {
            "hashes": [
                "sha256:8c07be290bb59f03588915921e29e8a50002acaf2cdc5fa0e0114f91709fafa0",
                "sha256:c001d4636cd3aecdaf33cbb40aebb59b094be2a74c556778ef5576c175e19e75"
            ],
            "markers": "python_version >= '3.6'",
            "version": "==0.8.3"
        },
        "pexpect": {
            "hashes": [
                "sha256:0b48a55dcb3c05f3329815901ea4fc1537514d6ba867a152b581d69ae3710937",
                "sha256:fc65a43959d153d0114afe13997d439c22823a27cefceb5ff35c2178c6784c0c"
            ],
            "markers": "sys_platform != 'win32'",
            "version": "==4.8.0"
        },
        "pickleshare": {
            "hashes": [
                "sha256:87683d47965c1da65cdacaf31c8441d12b8044cdec9aca500cd78fc2c683afca",
                "sha256:9649af414d74d4df115d5d718f82acb59c9d418196b7b4290ed47a12ce62df56"
            ],
            "version": "==0.7.5"
        },
        "plumber": {
            "hashes": [
                "sha256:4e734ce006b2b4367ce6f7e22c854f434f09eebfe9679b91758745c6184ddc11",
                "sha256:bde8d6323a8b3bdfc49ae3fa054c0801408a09a2c37e319ae9f0a4d49e4d5a23"
            ],
            "version": "==1.7"
        },
        "prompt-toolkit": {
            "hashes": [
                "sha256:04505ade687dc26dc4284b1ad19a83be2f2afe83e7a828ace0c72f3a1df72aac",
                "sha256:9dffbe1d8acf91e3de75f3b544e4842382fc06c6babe903ac9acb74dc6e08d88"
            ],
            "markers": "python_full_version >= '3.7.0'",
            "version": "==3.0.39"
        },
        "psycopg2-binary": {
            "hashes": [
                "sha256:03ef7df18daf2c4c07e2695e8cfd5ee7f748a1d54d802330985a78d2a5a6dca9",
                "sha256:0a602ea5aff39bb9fac6308e9c9d82b9a35c2bf288e184a816002c9fae930b77",
                "sha256:0c009475ee389757e6e34611d75f6e4f05f0cf5ebb76c6037508318e1a1e0d7e",
                "sha256:0ef4854e82c09e84cc63084a9e4ccd6d9b154f1dbdd283efb92ecd0b5e2b8c84",
                "sha256:1236ed0952fbd919c100bc839eaa4a39ebc397ed1c08a97fc45fee2a595aa1b3",
                "sha256:143072318f793f53819048fdfe30c321890af0c3ec7cb1dfc9cc87aa88241de2",
                "sha256:15208be1c50b99203fe88d15695f22a5bed95ab3f84354c494bcb1d08557df67",
                "sha256:1873aade94b74715be2246321c8650cabf5a0d098a95bab81145ffffa4c13876",
                "sha256:18d0ef97766055fec15b5de2c06dd8e7654705ce3e5e5eed3b6651a1d2a9a152",
                "sha256:1ea665f8ce695bcc37a90ee52de7a7980be5161375d42a0b6c6abedbf0d81f0f",
                "sha256:2293b001e319ab0d869d660a704942c9e2cce19745262a8aba2115ef41a0a42a",
                "sha256:246b123cc54bb5361588acc54218c8c9fb73068bf227a4a531d8ed56fa3ca7d6",
                "sha256:275ff571376626195ab95a746e6a04c7df8ea34638b99fc11160de91f2fef503",
                "sha256:281309265596e388ef483250db3640e5f414168c5a67e9c665cafce9492eda2f",
                "sha256:2d423c8d8a3c82d08fe8af900ad5b613ce3632a1249fd6a223941d0735fce493",
                "sha256:2e5afae772c00980525f6d6ecf7cbca55676296b580c0e6abb407f15f3706996",
                "sha256:30dcc86377618a4c8f3b72418df92e77be4254d8f89f14b8e8f57d6d43603c0f",
                "sha256:31a34c508c003a4347d389a9e6fcc2307cc2150eb516462a7a17512130de109e",
                "sha256:323ba25b92454adb36fa425dc5cf6f8f19f78948cbad2e7bc6cdf7b0d7982e59",
                "sha256:34eccd14566f8fe14b2b95bb13b11572f7c7d5c36da61caf414d23b91fcc5d94",
                "sha256:3a58c98a7e9c021f357348867f537017057c2ed7f77337fd914d0bedb35dace7",
                "sha256:3f78fd71c4f43a13d342be74ebbc0666fe1f555b8837eb113cb7416856c79682",
                "sha256:4154ad09dac630a0f13f37b583eae260c6aa885d67dfbccb5b02c33f31a6d420",
                "sha256:420f9bbf47a02616e8554e825208cb947969451978dceb77f95ad09c37791dae",
                "sha256:4686818798f9194d03c9129a4d9a702d9e113a89cb03bffe08c6cf799e053291",
                "sha256:57fede879f08d23c85140a360c6a77709113efd1c993923c59fde17aa27599fe",
                "sha256:60989127da422b74a04345096c10d416c2b41bd7bf2a380eb541059e4e999980",
                "sha256:68fc1f1ba168724771e38bee37d940d2865cb0f562380a1fb1ffb428b75cb692",
                "sha256:6e6f98446430fdf41bd36d4faa6cb409f5140c1c2cf58ce0bbdaf16af7d3f119",
                "sha256:729177eaf0aefca0994ce4cffe96ad3c75e377c7b6f4efa59ebf003b6d398716",
                "sha256:72dffbd8b4194858d0941062a9766f8297e8868e1dd07a7b36212aaa90f49472",
                "sha256:75723c3c0fbbf34350b46a3199eb50638ab22a0228f93fb472ef4d9becc2382b",
                "sha256:77853062a2c45be16fd6b8d6de2a99278ee1d985a7bd8b103e97e41c034006d2",
                "sha256:78151aa3ec21dccd5cdef6c74c3e73386dcdfaf19bced944169697d7ac7482fc",
                "sha256:7f01846810177d829c7692f1f5ada8096762d9172af1b1a28d4ab5b77c923c1c",
                "sha256:804d99b24ad523a1fe18cc707bf741670332f7c7412e9d49cb5eab67e886b9b5",
                "sha256:8359bf4791968c5a78c56103702000105501adb557f3cf772b2c207284273984",
                "sha256:83791a65b51ad6ee6cf0845634859d69a038ea9b03d7b26e703f94c7e93dbcf9",
                "sha256:8532fd6e6e2dc57bcb3bc90b079c60de896d2128c5d9d6f24a63875a95a088cf",
                "sha256:876801744b0dee379e4e3c38b76fc89f88834bb15bf92ee07d94acd06ec890a0",
                "sha256:8dbf6d1bc73f1d04ec1734bae3b4fb0ee3cb2a493d35ede9badbeb901fb40f6f",
                "sha256:8f8544b092a29a6ddd72f3556a9fcf249ec412e10ad28be6a0c0d948924f2212",
                "sha256:911dda9c487075abd54e644ccdf5e5c16773470a6a5d3826fda76699410066fb",
                "sha256:977646e05232579d2e7b9c59e21dbe5261f403a88417f6a6512e70d3f8a046be",
                "sha256:9dba73be7305b399924709b91682299794887cbbd88e38226ed9f6712eabee90",
                "sha256:a148c5d507bb9b4f2030a2025c545fccb0e1ef317393eaba42e7eabd28eb6041",
                "sha256:a6cdcc3ede532f4a4b96000b6362099591ab4a3e913d70bcbac2b56c872446f7",
                "sha256:ac05fb791acf5e1a3e39402641827780fe44d27e72567a000412c648a85ba860",
                "sha256:b58b4710c7f4161b5e9dcbe73bb7c62d65670a87df7bcce9e1faaad43e715245",
                "sha256:b6356793b84728d9d50ead16ab43c187673831e9d4019013f1402c41b1db9b27",
                "sha256:b76bedd166805480ab069612119ea636f5ab8f8771e640ae103e05a4aae3e417",
                "sha256:bc7bb56d04601d443f24094e9e31ae6deec9ccb23581f75343feebaf30423359",
                "sha256:c2470da5418b76232f02a2fcd2229537bb2d5a7096674ce61859c3229f2eb202",
                "sha256:c332c8d69fb64979ebf76613c66b985414927a40f8defa16cf1bc028b7b0a7b0",
                "sha256:c6af2a6d4b7ee9615cbb162b0738f6e1fd1f5c3eda7e5da17861eacf4c717ea7",
                "sha256:c77e3d1862452565875eb31bdb45ac62502feabbd53429fdc39a1cc341d681ba",
                "sha256:ca08decd2697fdea0aea364b370b1249d47336aec935f87b8bbfd7da5b2ee9c1",
                "sha256:ca49a8119c6cbd77375ae303b0cfd8c11f011abbbd64601167ecca18a87e7cdd",
                "sha256:cb16c65dcb648d0a43a2521f2f0a2300f40639f6f8c1ecbc662141e4e3e1ee07",
                "sha256:d2997c458c690ec2bc6b0b7ecbafd02b029b7b4283078d3b32a852a7ce3ddd98",
                "sha256:d3f82c171b4ccd83bbaf35aa05e44e690113bd4f3b7b6cc54d2219b132f3ae55",
                "sha256:dc4926288b2a3e9fd7b50dc6a1909a13bbdadfc67d93f3374d984e56f885579d",
                "sha256:ead20f7913a9c1e894aebe47cccf9dc834e1618b7aa96155d2091a626e59c972",
                "sha256:ebdc36bea43063116f0486869652cb2ed7032dbc59fbcb4445c4862b5c1ecf7f",
                "sha256:ed1184ab8f113e8d660ce49a56390ca181f2981066acc27cf637d5c1e10ce46e",
                "sha256:ee825e70b1a209475622f7f7b776785bd68f34af6e7a46e2e42f27b659b5bc26",
                "sha256:f7ae5d65ccfbebdfa761585228eb4d0df3a8b15cfb53bd953e713e09fbb12957",
                "sha256:f7fc5a5acafb7d6ccca13bfa8c90f8c51f13d8fb87d95656d3950f0158d3ce53",
                "sha256:f9b5571d33660d5009a8b3c25dc1db560206e2d2f89d3df1cb32d72c0d117d52"
            ],
            "index": "pypi",
            "version": "==2.9.9"
        },
        "ptyprocess": {
            "hashes": [
                "sha256:4b41f3967fce3af57cc7e94b888626c18bf37a083e3651ca8feeb66d492fef35",
                "sha256:5c5d0a3b48ceee0b48485e0c26037c0acd7d29765ca3fbb5cb3831d347423220"
            ],
            "version": "==0.7.0"
        },
        "pure-eval": {
            "hashes": [
                "sha256:01eaab343580944bc56080ebe0a674b39ec44a945e6d09ba7db3cb8cec289350",
                "sha256:2b45320af6dfaa1750f543d714b6d1c520a1688dec6fd24d339063ce0aaa9ac3"
            ],
            "version": "==0.2.2"
        },
        "pygments": {
            "hashes": [
                "sha256:13fc09fa63bc8d8671a6d247e1eb303c4b343eaee81d861f3404db2935653692",
                "sha256:1daff0494820c69bc8941e407aa20f577374ee88364ee10a98fdbe0aece96e29"
            ],
            "markers": "python_version >= '3.7'",
            "version": "==2.16.1"
        },
        "python-dateutil": {
            "hashes": [
                "sha256:0123cacc1627ae19ddf3c27a5de5bd67ee4586fbdd6440d9748f8abb483d3e86",
                "sha256:961d03dc3453ebbc59dbdea9e4e11c5651520a876d0f4db161e8674aae935da9"
            ],
            "markers": "python_version >= '2.7' and python_version not in '3.0, 3.1, 3.2, 3.3'",
            "version": "==2.8.2"
        },
        "pytz": {
            "hashes": [
                "sha256:7b4fddbeb94a1eba4b557da24f19fdf9db575192544270a9101d8509f9f43d7b",
                "sha256:ce42d816b81b68506614c11e8937d3aa9e41007ceb50bfdcb0749b921bf646c7"
            ],
            "version": "==2023.3.post1"
        },
        "setuptools": {
            "hashes": [
                "sha256:4ac1475276d2f1c48684874089fefcd83bd7162ddaafb81fac866ba0db282a87",
                "sha256:b454a35605876da60632df1a60f736524eb73cc47bbc9f3f1ef1b644de74fd2a"
            ],
            "markers": "python_version >= '3.8'",
            "version": "==68.2.2"
        },
        "six": {
            "hashes": [
                "sha256:1e61c37477a1626458e36f7b1d82aa5c9b094fa4802892072e49de9c60c4c926",
                "sha256:8abb2f1d86890a2dfb989f9a77cfcfd3e47c2a354b01111771326f8aa26e0254"
            ],
            "markers": "python_version >= '2.7' and python_version not in '3.0, 3.1, 3.2, 3.3'",
            "version": "==1.16.0"
        },
        "sqlalchemy": {
            "hashes": [
                "sha256:014794b60d2021cc8ae0f91d4d0331fe92691ae5467a00841f7130fe877b678e",
                "sha256:0268256a34806e5d1c8f7ee93277d7ea8cc8ae391f487213139018b6805aeaf6",
                "sha256:05b971ab1ac2994a14c56b35eaaa91f86ba080e9ad481b20d99d77f381bb6258",
                "sha256:141675dae56522126986fa4ca713739d00ed3a6f08f3c2eb92c39c6dfec463ce",
                "sha256:1e7dc99b23e33c71d720c4ae37ebb095bebebbd31a24b7d99dfc4753d2803ede",
                "sha256:2e617727fe4091cedb3e4409b39368f424934c7faa78171749f704b49b4bb4ce",
                "sha256:3cf229704074bce31f7f47d12883afee3b0a02bb233a0ba45ddbfe542939cca4",
                "sha256:3eb7c03fe1cd3255811cd4e74db1ab8dca22074d50cd8937edf4ef62d758cdf4",
                "sha256:3f7d57a7e140efe69ce2d7b057c3f9a595f98d0bbdfc23fd055efdfbaa46e3a5",
                "sha256:419b1276b55925b5ac9b4c7044e999f1787c69761a3c9756dec6e5c225ceca01",
                "sha256:44ac5c89b6896f4740e7091f4a0ff2e62881da80c239dd9408f84f75a293dae9",
                "sha256:4615623a490e46be85fbaa6335f35cf80e61df0783240afe7d4f544778c315a9",
                "sha256:50a69067af86ec7f11a8e50ba85544657b1477aabf64fa447fd3736b5a0a4f67",
                "sha256:513fd5b6513d37e985eb5b7ed89da5fd9e72354e3523980ef00d439bc549c9e9",
                "sha256:6ff3dc2f60dbf82c9e599c2915db1526d65415be323464f84de8db3e361ba5b9",
                "sha256:73c079e21d10ff2be54a4699f55865d4b275fd6c8bd5d90c5b1ef78ae0197301",
                "sha256:7614f1eab4336df7dd6bee05bc974f2b02c38d3d0c78060c5faa4cd1ca2af3b8",
                "sha256:785e2f2c1cb50d0a44e2cdeea5fd36b5bf2d79c481c10f3a88a8be4cfa2c4615",
                "sha256:7ca38746eac23dd7c20bec9278d2058c7ad662b2f1576e4c3dbfcd7c00cc48fa",
                "sha256:7f0c4ee579acfe6c994637527c386d1c22eb60bc1c1d36d940d8477e482095d4",
                "sha256:87bf91ebf15258c4701d71dcdd9c4ba39521fb6a37379ea68088ce8cd869b446",
                "sha256:89e274604abb1a7fd5c14867a412c9d49c08ccf6ce3e1e04fffc068b5b6499d4",
                "sha256:8c323813963b2503e54d0944813cd479c10c636e3ee223bcbd7bd478bf53c178",
                "sha256:a95aa0672e3065d43c8aa80080cdd5cc40fe92dc873749e6c1cf23914c4b83af",
                "sha256:af520a730d523eab77d754f5cf44cc7dd7ad2d54907adeb3233177eeb22f271b",
                "sha256:b19ae41ef26c01a987e49e37c77b9ad060c59f94d3b3efdfdbf4f3daaca7b5fe",
                "sha256:b4eae01faee9f2b17f08885e3f047153ae0416648f8e8c8bd9bc677c5ce64be9",
                "sha256:b69f1f754d92eb1cc6b50938359dead36b96a1dcf11a8670bff65fd9b21a4b09",
                "sha256:b977bfce15afa53d9cf6a632482d7968477625f030d86a109f7bdfe8ce3c064a",
                "sha256:bf8eebccc66829010f06fbd2b80095d7872991bfe8415098b9fe47deaaa58063",
                "sha256:c111cd40910ffcb615b33605fc8f8e22146aeb7933d06569ac90f219818345ef",
                "sha256:c2d494b6a2a2d05fb99f01b84cc9af9f5f93bf3e1e5dbdafe4bed0c2823584c1",
                "sha256:c9cba4e7369de663611ce7460a34be48e999e0bbb1feb9130070f0685e9a6b66",
                "sha256:cca720d05389ab1a5877ff05af96551e58ba65e8dc65582d849ac83ddde3e231",
                "sha256:ccb99c3138c9bde118b51a289d90096a3791658da9aea1754667302ed6564f6e",
                "sha256:d59cb9e20d79686aa473e0302e4a82882d7118744d30bb1dfb62d3c47141b3ec",
                "sha256:e36339a68126ffb708dc6d1948161cea2a9e85d7d7b0c54f6999853d70d44430",
                "sha256:ea7da25ee458d8f404b93eb073116156fd7d8c2a776d8311534851f28277b4ce",
                "sha256:f9fefd6298433b6e9188252f3bff53b9ff0443c8fde27298b8a2b19f6617eeb9",
                "sha256:fb87f763b5d04a82ae84ccff25554ffd903baafba6698e18ebaf32561f2fe4aa",
                "sha256:fc6b15465fabccc94bf7e38777d665b6a4f95efd1725049d6184b3a39fd54880"
            ],
            "markers": "python_version >= '3.7'",
            "version": "==2.0.21"
        },
        "sqlalchemy-serializer": {
            "hashes": [
                "sha256:c4cf3e3eebbffa5b46a77ddb886230e5d8c17fd0b9ddbd57eed1a837eb1463cc"
            ],
            "index": "pypi",
            "version": "==1.4.1"
        },
        "stack-data": {
            "hashes": [
                "sha256:836a778de4fec4dcd1dcd89ed8abff8a221f58308462e1c4aa2a3cf30148f0b9",
                "sha256:d5558e0c25a4cb0853cddad3d77da9891a08cb85dd9f9f91b9f8cd66e511e695"
            ],
            "version": "==0.6.3"
        },
        "tomli": {
            "hashes": [
                "sha256:939de3e7a6161af0c887ef91b7d41a53e7c5a1ca976325f429cb46ea9bc30ecc",
                "sha256:de526c12914f0c550d15924c62d72abc48d6fe7364aa87328337a31007fe8a4f"
            ],
            "markers": "python_version < '3.11' and python_version >= '3.7'",
            "version": "==2.0.1"
        },
        "traitlets": {
            "hashes": [
                "sha256:2351372ff87fc912c483d1cb6aa466573d5f44eb4ed9e602c8d0ac012c9daece",
                "sha256:813584bb569ac4a098c64ca494e8a3bbfef42e37c36a6132bca554aabd111480"
            ],
            "markers": "python_version >= '3.8'",
            "version": "==5.11.1"
        },
        "typing-extensions": {
            "hashes": [
                "sha256:8f92fc8806f9a6b641eaa5318da32b44d401efaac0f6678c9bc448ba3605faa0",
                "sha256:df8e4339e9cb77357558cbdbceca33c303714cf861d1eef15e1070055ae8b7ef"
            ],
            "markers": "python_version < '3.9'",
            "version": "==4.8.0"
        },
        "wcwidth": {
            "hashes": [
                "sha256:77f719e01648ed600dfa5402c347481c0992263b81a027344f3e1ba25493a704",
                "sha256:8705c569999ffbb4f6a87c6d1b80f324bd6db952f5eb0b95bc07517f4c1813d4"
            ],
            "version": "==0.2.8"
        },
        "werkzeug": {
            "hashes": [
                "sha256:3ffff4dcc32db52ef3cc94dff3000a3c2846890f3a5a51800a27b909c5e770f0",
                "sha256:cbb2600f7eabe51dbc0502f58be0b3e1b96b893b05695ea2b35b43d4de2d9962"
            ],
            "markers": "python_version >= '3.8'",
            "version": "==3.0.0"
        },
        "zipp": {
            "hashes": [
                "sha256:0e923e726174922dce09c53c59ad483ff7bbb8e572e00c7f7c46b88556409f31",
                "sha256:84e64a1c28cf7e91ed2078bb8cc8c259cb19b76942096c8d7b84947690cabaf0"
            ],
            "markers": "python_version >= '3.8'",
            "version": "==3.17.0"
        },
        "zope.component": {
            "hashes": [
                "sha256:96d0a04db39643caf2dfaec152340f3e914df1dc3fa32fbb913782620dc6c3c6",
                "sha256:9a0a0472ad201b94b4fe6741ce9ac2c30b8bb22c516077bf03692dec4dfb6906"
            ],
            "markers": "python_version >= '3.7'",
            "version": "==6.0"
        },
        "zope.deferredimport": {
            "hashes": [
                "sha256:3abbf0e18c1f1765914ecd1d41b549e4d045b21b28e4065fb0c1de0ad736b2c3",
                "sha256:b26e013b02fd1ee3e26510db66a737105128e48a0d348490f7c901ffd1928f25"
            ],
            "markers": "python_version >= '3.7'",
            "version": "==5.0"
        },
        "zope.deprecation": {
            "hashes": [
                "sha256:28c2ee983812efb4676d33c7a8c6ade0df191c1c6d652bbbfe6e2eeee067b2d4",
                "sha256:b7c32d3392036b2145c40b3103e7322db68662ab09b7267afe1532a9d93f640f"
            ],
            "markers": "python_version >= '3.7'",
            "version": "==5.0"
        },
        "zope.event": {
            "hashes": [
                "sha256:2832e95014f4db26c47a13fdaef84cef2f4df37e66b59d8f1f4a8f319a632c26",
                "sha256:bac440d8d9891b4068e2b5a2c5e2c9765a9df762944bda6955f96bb9b91e67cd"
            ],
            "markers": "python_version >= '3.7'",
            "version": "==5.0"
        },
        "zope.hookable": {
            "hashes": [
                "sha256:0054539ed839751b7f511193912cba393f0b8b5f7dfe9f3601c65b2d3b74e731",
                "sha256:049ef54de127236e555d0864ad3b950b2b6e5048cdf1098cf340c6fb108104c7",
                "sha256:06570ed57b22624c7673ff203801bbdece14d2d42dc5d9879c24ef5612c53456",
                "sha256:0e9e5adc24954e157e084bee97362346470a06d0305cb095118367a8a776dce4",
                "sha256:2e8fd79437c2007020d3faac41e13c49bcbaa6a0738e4142b996c656dcb5bb69",
                "sha256:4313b3d282c1c26fcb69569b7988bc2de0b6dc59238ae7189b6b7b29503d47cb",
                "sha256:448ca90d78bd3aef75fe5d55d19f5d05a217193738b7a8d5fd9e93ecf2c02c84",
                "sha256:4b2fd781571336b0b7655826d9a052379a06b62af138085409b2e3fef1e6fb3d",
                "sha256:5215355203b9583b7f2a8f06fa7df272562cc12bf5be1a960a45ea49c3294426",
                "sha256:5cb0e4a23588435c6911bde300158d31e47c73c469fbf59d927e801e1cb457ef",
                "sha256:71bff8f7c2e223f92a218b0909ccc6f612c075cc3b5ed164cf152f1537cae2ca",
                "sha256:7241ab28df7288d9a8bf49339a0aabfbf035b93d6a2a843af13d13dfa735c46a",
                "sha256:7269a0fbcd7c5901e255679f8dac835b628eab58d5490c38cf2b15508f181e64",
                "sha256:7401bd6138e58231aef751c63718726259a7aa6875d746d8a87bba70271b9cff",
                "sha256:761c9bf1b8df6e2b2d5ae87cda27b8e82c33e2f328750e039de4f6f7f35b73cd",
                "sha256:78c51f04aabd3b77ba8d3b2c2abaff8b7598376fea7bd1af9929e90549f6dd4c",
                "sha256:93cfda0663d4d3db6b1818619fbc14e3df2e703454983c841b3b95894d559f86",
                "sha256:9af06ca83ff1ef9f94a98d08095dd8960fc5b71ffc7ed7db05988dc493e148a1",
                "sha256:9cffa01d8ef1172492fd6df0113ff5432006129b9bd6e8265e1e4985362b973d",
                "sha256:9d398b1de407a5908c8e5f55fb7a26fa177916b1203e697ef0b4c3389dd28e14",
                "sha256:9f447ecaf7741257333f4b1cc215de633daaf147dbc87133638142ed88492617",
                "sha256:9f5d425eb57dee785e4d32703e45c5d6cf2b9fa7ad37c10214593b5f62daa60b",
                "sha256:9f7dd1b45cd13976f49ad21f48a8253628c74ad5eefe3f6e14d50f38cc45f613",
                "sha256:9fd11381ec66a8569f999dbe11c94870ddf8aecd591300f203a927f18e938a24",
                "sha256:acec917178af910959205f98f48bcd0a165bdcd6b4d8b3f4baf06fa393ac5ff5",
                "sha256:b65e86a5cb8244d83eabd021f70968d4a80fac01edc99f6e35d29e5458a128bb",
                "sha256:bad033b8adfe71f650fef2d4fc33452b3310a0e53139a530dbffbcf9fe08c8c8",
                "sha256:c39ffe1b1ef7543e8efafdc6472d7b9ece8ed1ebe20be261522346463aa2c8c0",
                "sha256:c79da9673a7d704f6ea2a4bbef6e5e161adbba9d8371476de28a0e3416510cc1",
                "sha256:d06da931ac88ebb4c02ac89d0b6fdb2e4fff130901edf9c6e7ea0338a2edf6bd",
                "sha256:d44229a0aa8d3587491f359d7326c55b5db6379f68656785dece792afbcfcbae",
                "sha256:d5e50bfbcde1afe32f9cf7fa5e8ea42e218090ecb989c31164d708d0491134b7",
                "sha256:d822b7ec71ebb5c96df000e2180127e94ba49258335ae796dc4b6201259b2502",
                "sha256:eeb4042f9b1771a1dd8377cb1cb307c4a4f5821d1491becbdc69bc9de66d3918",
                "sha256:fb601f00ac87e5aa582a81315ed96768ce3513280729d3f51f79312e2b8b94ac",
                "sha256:fd49da3340339b8aeef31153ce898e93867ee5a7ffcf685e903ceae6717f0cc2"
            ],
            "markers": "python_version >= '2.7' and python_version not in '3.0, 3.1, 3.2, 3.3, 3.4'",
            "version": "==5.4"
        },
        "zope.interface": {
            "hashes": [
                "sha256:042f2381118b093714081fd82c98e3b189b68db38ee7d35b63c327c470ef8373",
                "sha256:0ec9653825f837fbddc4e4b603d90269b501486c11800d7c761eee7ce46d1bbb",
                "sha256:12175ca6b4db7621aedd7c30aa7cfa0a2d65ea3a0105393e05482d7a2d367446",
                "sha256:1592f68ae11e557b9ff2bc96ac8fc30b187e77c45a3c9cd876e3368c53dc5ba8",
                "sha256:23ac41d52fd15dd8be77e3257bc51bbb82469cf7f5e9a30b75e903e21439d16c",
                "sha256:424d23b97fa1542d7be882eae0c0fc3d6827784105264a8169a26ce16db260d8",
                "sha256:4407b1435572e3e1610797c9203ad2753666c62883b921318c5403fb7139dec2",
                "sha256:48f4d38cf4b462e75fac78b6f11ad47b06b1c568eb59896db5b6ec1094eb467f",
                "sha256:4c3d7dfd897a588ec27e391edbe3dd320a03684457470415870254e714126b1f",
                "sha256:5171eb073474a5038321409a630904fd61f12dd1856dd7e9d19cd6fe092cbbc5",
                "sha256:5a158846d0fca0a908c1afb281ddba88744d403f2550dc34405c3691769cdd85",
                "sha256:6ee934f023f875ec2cfd2b05a937bd817efcc6c4c3f55c5778cbf78e58362ddc",
                "sha256:790c1d9d8f9c92819c31ea660cd43c3d5451df1df61e2e814a6f99cebb292788",
                "sha256:809fe3bf1a91393abc7e92d607976bbb8586512913a79f2bf7d7ec15bd8ea518",
                "sha256:87b690bbee9876163210fd3f500ee59f5803e4a6607d1b1238833b8885ebd410",
                "sha256:89086c9d3490a0f265a3c4b794037a84541ff5ffa28bb9c24cc9f66566968464",
                "sha256:99856d6c98a326abbcc2363827e16bd6044f70f2ef42f453c0bd5440c4ce24e5",
                "sha256:aab584725afd10c710b8f1e6e208dbee2d0ad009f57d674cb9d1b3964037275d",
                "sha256:af169ba897692e9cd984a81cb0f02e46dacdc07d6cf9fd5c91e81f8efaf93d52",
                "sha256:b39b8711578dcfd45fc0140993403b8a81e879ec25d53189f3faa1f006087dca",
                "sha256:b3f543ae9d3408549a9900720f18c0194ac0fe810cecda2a584fd4dca2eb3bb8",
                "sha256:d0583b75f2e70ec93f100931660328965bb9ff65ae54695fb3fa0a1255daa6f2",
                "sha256:dfbbbf0809a3606046a41f8561c3eada9db811be94138f42d9135a5c47e75f6f",
                "sha256:e538f2d4a6ffb6edfb303ce70ae7e88629ac6e5581870e66c306d9ad7b564a58",
                "sha256:eba51599370c87088d8882ab74f637de0c4f04a6d08a312dce49368ba9ed5c2a",
                "sha256:ee4b43f35f5dc15e1fec55ccb53c130adb1d11e8ad8263d68b1284b66a04190d",
                "sha256:f2363e5fd81afb650085c6686f2ee3706975c54f331b426800b53531191fdf28",
                "sha256:f299c020c6679cb389814a3b81200fe55d428012c5e76da7e722491f5d205990",
                "sha256:f72f23bab1848edb7472309e9898603141644faec9fd57a823ea6b4d1c4c8995",
                "sha256:fa90bac61c9dc3e1a563e5babb3fd2c0c1c80567e815442ddbe561eadc803b30"
            ],
            "markers": "python_version >= '3.7'",
            "version": "==6.0"
        },
        "zope.lifecycleevent": {
            "hashes": [
                "sha256:28431a461522e7a49f8e1e4d7541a73566747c70300ff4b6dee29e021e70540b",
                "sha256:ead3fb496e7614f9b569d16dad4b78052b0ac21875bad8d66ca350352d9b6f9d"
            ],
            "markers": "python_version >= '3.7'",
            "version": "==5.0"
        },
        "zope.proxy": {
            "hashes": [
                "sha256:02e7ef7f7450012e0578f53745799036189569e249c5c5bc36bf4bff18c5a372",
                "sha256:033d9192fdeea8df85558c7382bb5968b608b4c6395435fa6ece0bb76167110a",
                "sha256:09b5b1a9ad3f13009ffccb7f27f774b74dcc129fe58098dadcac3b67028dccf0",
                "sha256:0a265a014b30f4378b6291d27108b6cd74b6182fe903f7c81697b1b5d9a5e572",
                "sha256:13f16bc0280a09fd8e8ff5be1f1fb2b149ac495b36ab41764bb56e68cb970169",
                "sha256:184b51f03252d88329a8a94f2476508613b06c2594c76ee32f8cf4eb67d5d4d3",
                "sha256:1cc018bdf79743a7b06536ed7b6ec530d83a07f9f16805ea8a7d32a5ca4bda72",
                "sha256:226ae079d5664a166e861ffcf7bb2744d7d850bb35ed26923ce2109cb4adf88f",
                "sha256:22d9f63f04a36a36cf8cc31b2431cdf4ae96f0e5c275e3238142a8ff5faaa92f",
                "sha256:25331909b2343491cce71a9506c453db9dfdeb00eb09bd258e219c44f3146faf",
                "sha256:26f15a396ef61a60d6f1eb398eae0c34e5c970d0d5c6365c094ccca2f1f8dd75",
                "sha256:337dcb52c1751506d5c693c27d0c9b2170af1d3642c5f9a72c240c51bb8e7054",
                "sha256:3719654f6ce81ca23de6e52c2e8221754cc03b681648275f9f250303270c9776",
                "sha256:44d7f1322fb2b887d6308b89bd46a2151f9ec7874d476f80c038d96299706a40",
                "sha256:474555713066b21381d109231a8d6ce8502f6b397f06e27ae33a1c4f84e0726c",
                "sha256:6fa44c97a412b4dc51e2f5fd4dc73c5bd499d35280f88cd2bcd26f8ae1e4577b",
                "sha256:7db9d1577c6b6ad1d874c32e1507f592c4b60246985e49d1bb1965c39dc58028",
                "sha256:8df1ee60f9a5d3dbcae019bdb4fe6bf7bac5f3c5caac8b252af7b05b538ed33a",
                "sha256:8ef0f62d9d48ba4a1478e902a4331e8851c22f6683bafa2da8bc1a89ff9d7dee",
                "sha256:8f88d434873228c581baf3cac1b630c8340bdd83c15b56c75b2dbb15f9f23684",
                "sha256:930fd29fb816df8329d98a2b8f8815e0e310a9bae513bda2f8eebb53d278456f",
                "sha256:9cd0149ad0ee7dd54d327d9cea6dea93efb0f9ba7f0aab19e218ebb4639964c4",
                "sha256:a1c56a9257d5f9cad2ce8e00fef6ee188cf65bd4306bf2c2d6d8cfadc5627d2e",
                "sha256:a942a7fe3cbb1106dcc4c2a6d7222377b9ee1aa91634a5872144373bd9364133",
                "sha256:b4be8ddec46d75e97a9feaa9418a3d2c7e0553e4acad6d13eca2a176ed11908c",
                "sha256:c1599428a919da72a9b9254bc3c314cbc74800544bb629aee20bc057426d728e",
                "sha256:cdb0b4325b6dec7979ac00992a5ea89d50e1299246e5cfd2845732ac1565921f",
                "sha256:e593c28f85aec66ce4861cfc6874fb30ef2e33c3d03452924a3757899b757b26",
                "sha256:edeb5713c78913b22cd1fedf4a5d2b1dc54aae4f75ecc0a4cef8bd607aeaff18",
                "sha256:ef88e1e01385175e2424f1b3909b304c98bae377a15790c77203060efd029340"
            ],
            "markers": "python_version >= '3.7'",
            "version": "==5.0.0"
        }
    },
    "develop": {}
}
